
Microsoft Visual Studio Solution File, Format Version 9.00
# Visual Web Developer Express 2005
Project("{E24C65DC-7377-472B-9ABA-BC803B73C61A}") = "C:\...\PhotoMosaic\", "..\..\WebSites\PhotoMosaic\", "{3B67FD1F-09BC-428C-8A6B-FE0065DD269F}"
	ProjectSection(WebsiteProperties) = preProject
		Debug.AspNetCompiler.VirtualPath = "/PhotoMosaic"
		Debug.AspNetCompiler.PhysicalPath = "..\..\WebSites\PhotoMosaic\"
		Debug.AspNetCompiler.TargetPath = "PrecompiledWeb\PhotoMosaic\"
		Debug.AspNetCompiler.Updateable = "true"
		Debug.AspNetCompiler.ForceOverwrite = "true"
		Debug.AspNetCompiler.FixedNames = "false"
		Debug.AspNetCompiler.Debug = "True"
		Release.AspNetCompiler.VirtualPath = "/PhotoMosaic"
		Release.AspNetCompiler.PhysicalPath = "..\..\WebSites\PhotoMosaic\"
		Release.AspNetCompiler.TargetPath = "PrecompiledWeb\PhotoMosaic\"
		Release.AspNetCompiler.Updateable = "true"
		Release.AspNetCompiler.ForceOverwrite = "true"
		Release.AspNetCompiler.FixedNames = "false"
		Release.AspNetCompiler.Debug = "False"
		VWDPort = "8819"
		DefaultWebSiteLanguage = "Visual C#"
	EndProjectSection
EndProject
Global
	GlobalSection(SolutionConfigurationPlatforms) = preSolution
		Debug|.NET = Debug|.NET
	EndGlobalSection
	GlobalSection(ProjectConfigurationPlatforms) = postSolution
		{3B67FD1F-09BC-428C-8A6B-FE0065DD269F}.Debug|.NET.ActiveCfg = Debug|.NET
		{3B67FD1F-09BC-428C-8A6B-FE0065DD269F}.Debug|.NET.Build.0 = Debug|.NET
	EndGlobalSection
	GlobalSection(SolutionProperties) = preSolution
		HideSolutionNode = FALSE
	EndGlobalSection
EndGlobal
